
Microsoft Visual Studio Solution File, Format Version 12.00
# Visual Studio 14
VisualStudioVersion = 14.0.25420.1
MinimumVisualStudioVersion = 10.0.40219.1
Project("{2150E333-8FDC-42A3-9474-1A3956D46DE8}") = "FactoryPattern", "FactoryPattern", "{0F4B5E25-4825-497B-8ED0-485D92C7F3DC}"
EndProject
Project("{2150E333-8FDC-42A3-9474-1A3956D46DE8}") = "Singleton", "Singleton", "{0C3E9D7A-042F-474C-A951-04BA0CCEBA60}"
EndProject
Project("{2150E333-8FDC-42A3-9474-1A3956D46DE8}") = "SimpleFactoryPattern", "SimpleFactoryPattern", "{CA4274D1-051D-48AD-8419-3DE45D9BF608}"
EndProject
Project("{FAE04EC0-301F-11D3-BF4B-00C04F79EFBC}") = "PhoneClient", "PhoneClient\PhoneClient.csproj", "{747244FA-AF37-4CD3-9CC2-14C8557DC60A}"
EndProject
Project("{FAE04EC0-301F-11D3-BF4B-00C04F79EFBC}") = "MobileManufacturer", "MobileManufacturer\MobileManufacturer.csproj", "{A0680C79-9433-4AA5-861C-7E202F1D224E}"
EndProject
Project("{FAE04EC0-301F-11D3-BF4B-00C04F79EFBC}") = "SimpleFactoryPattern", "SimpleFactoryPattern\SimpleFactoryPattern.csproj", "{767296E6-4BE8-4211-9782-BEBD078C71A1}"
EndProject
Project("{FAE04EC0-301F-11D3-BF4B-00C04F79EFBC}") = "SingletonPattern", "SingletonPattern\SingletonPattern.csproj", "{1EE6C24E-8B4F-4AFD-A60B-3FB51558626A}"
EndProject
Project("{2150E333-8FDC-42A3-9474-1A3956D46DE8}") = "Creational", "Creational", "{5F4C2769-BF90-44D5-A943-B01842C944B7}"
EndProject
Project("{2150E333-8FDC-42A3-9474-1A3956D46DE8}") = "AbstractFactoryPattern", "AbstractFactoryPattern", "{1430D52F-C9E9-41BD-B39A-65EBEF350690}"
EndProject
Project("{FAE04EC0-301F-11D3-BF4B-00C04F79EFBC}") = "AbstractFactoryPattern", "AbstractFactoryPattern\AbstractFactoryPattern.csproj", "{2A2C22B8-AC89-4D7E-A6C5-05DA6A7A34DA}"
EndProject
Project("{FAE04EC0-301F-11D3-BF4B-00C04F79EFBC}") = "ComputerShop", "ComputerShop\ComputerShop.csproj", "{41D8AA1D-EAD3-4998-8BE0-04872DD3FF1D}"
EndProject
Project("{2150E333-8FDC-42A3-9474-1A3956D46DE8}") = "PrototypePattern", "PrototypePattern", "{E1FED5A8-5959-47B4-A98E-D952F50B965A}"
EndProject
Project("{FAE04EC0-301F-11D3-BF4B-00C04F79EFBC}") = "PrototypeDemo", "PrototypeDemo\PrototypeDemo.csproj", "{F05DC4D7-8925-425B-8D78-0705827D1568}"
EndProject
Project("{2150E333-8FDC-42A3-9474-1A3956D46DE8}") = "BuilderPattern", "BuilderPattern", "{8429AE20-3EBB-4BF5-A60A-7A421E024DAE}"
EndProject
Project("{FAE04EC0-301F-11D3-BF4B-00C04F79EFBC}") = "BuilderPattern", "BuilderPattern\BuilderPattern.csproj", "{2E92A6BE-C516-4821-B2B0-A37D326E45A8}"
EndProject
Project("{FAE04EC0-301F-11D3-BF4B-00C04F79EFBC}") = "BuilderPatternDemo2", "BuilderPatternDemo2\BuilderPatternDemo2.csproj", "{42B79BFF-CFDD-4B32-BE27-905CEBB83529}"
EndProject
Project("{2150E333-8FDC-42A3-9474-1A3956D46DE8}") = "Structural", "Structural", "{D1A47C4A-0062-4EC7-A105-3C3BC58AD82E}"
EndProject
Project("{FAE04EC0-301F-11D3-BF4B-00C04F79EFBC}") = "AdapterPattern", "AdapterPattern\AdapterPattern.csproj", "{4E559234-5311-4CDD-95C7-BF5F00372BF7}"
EndProject
Project("{2150E333-8FDC-42A3-9474-1A3956D46DE8}") = "AdapterPattern", "AdapterPattern", "{376A099E-E12B-4833-BB39-4FD4DB8A7D5B}"
EndProject
Project("{2150E333-8FDC-42A3-9474-1A3956D46DE8}") = "BridgePattern", "BridgePattern", "{F01C7D2F-9ED1-497B-AB9E-8A9717885285}"
EndProject
Project("{FAE04EC0-301F-11D3-BF4B-00C04F79EFBC}") = "BridgePattern", "BridgePattern\BridgePattern.csproj", "{ADC216C7-3F8C-4E91-AF3C-061ADCB5BDDE}"
EndProject
Project("{2150E333-8FDC-42A3-9474-1A3956D46DE8}") = "CompositePattern", "CompositePattern", "{3234E41D-03A5-4DEB-BAA4-59A44B7DF63C}"
EndProject
Project("{FAE04EC0-301F-11D3-BF4B-00C04F79EFBC}") = "CompositePattern", "CompositePattern\CompositePattern.csproj", "{4E99E56D-9225-4E97-9B5B-000ECA74F1FB}"
EndProject
Project("{2150E333-8FDC-42A3-9474-1A3956D46DE8}") = "DecoratorPattern", "DecoratorPattern", "{BE84B32C-D42A-4539-935D-8ACDD68AE793}"
EndProject
Project("{FAE04EC0-301F-11D3-BF4B-00C04F79EFBC}") = "DecoratorPattern", "DecoratorPattern\DecoratorPattern.csproj", "{D3222A8C-9BF4-4D8F-8633-C2E645560D16}"
EndProject
Project("{2150E333-8FDC-42A3-9474-1A3956D46DE8}") = "FlyweightPattern", "FlyweightPattern", "{D5FF4EEB-ECBA-4255-B36E-4315BC75E4B3}"
EndProject
Project("{FAE04EC0-301F-11D3-BF4B-00C04F79EFBC}") = "FlyweightPattern", "FlyweightPattern\FlyweightPattern.csproj", "{399E4CCE-8802-4828-8C6A-35978D9B647F}"
EndProject
Project("{2150E333-8FDC-42A3-9474-1A3956D46DE8}") = "ProxyFactory", "ProxyFactory", "{2671797F-8660-44E5-8C6C-61B9C4E36303}"
EndProject
Project("{2150E333-8FDC-42A3-9474-1A3956D46DE8}") = "FacadePattern", "FacadePattern", "{CFA7B80E-8D95-4B69-9F9B-9C652373BE71}"
EndProject
Project("{FAE04EC0-301F-11D3-BF4B-00C04F79EFBC}") = "FacadeBankClient", "FacadeBankClient\FacadeBankClient.csproj", "{A09913CE-30D4-420D-A349-4F6DC5A062AB}"
EndProject
Project("{FAE04EC0-301F-11D3-BF4B-00C04F79EFBC}") = "FacadeBankLibrary", "FacadeBankLibrary\FacadeBankLibrary.csproj", "{2C9C33E0-2BF5-49AC-90E0-DA141CE3EC58}"
EndProject
Project("{2150E333-8FDC-42A3-9474-1A3956D46DE8}") = "Behavioral", "Behavioral", "{0A1D6AC8-5E75-460F-9519-0B8B7F255754}"
EndProject
Project("{FAE04EC0-301F-11D3-BF4B-00C04F79EFBC}") = "ChainOfResponsibility", "ChainOfResponsibility\ChainOfResponsibility.csproj", "{08162B14-ED6C-4B0D-A3D9-7C1D6A1904B4}"
EndProject
Project("{2150E333-8FDC-42A3-9474-1A3956D46DE8}") = "ChainOfResponsibilityPattern", "ChainOfResponsibilityPattern", "{9567FB89-7878-4E72-93E3-2D01D9110A53}"
EndProject
Project("{2150E333-8FDC-42A3-9474-1A3956D46DE8}") = "CommandPattern", "CommandPattern", "{196B219B-6B22-4B44-99EF-F674A518B3F4}"
EndProject
Project("{FAE04EC0-301F-11D3-BF4B-00C04F79EFBC}") = "CommandPattern", "CommandPattern\CommandPattern.csproj", "{C3D9C7C2-E11A-4ADB-A8D4-BED5C42B02A2}"
EndProject
Project("{2150E333-8FDC-42A3-9474-1A3956D46DE8}") = "InterpreterPattern", "InterpreterPattern", "{2FC726E4-E7C9-4F08-BC51-E5F1C31F70BC}"
EndProject
Project("{FAE04EC0-301F-11D3-BF4B-00C04F79EFBC}") = "InterpreterPattern", "InterpreterPattern\InterpreterPattern.csproj", "{9011CB29-6E0D-4A92-9B70-9673302B71F9}"
EndProject
Project("{2150E333-8FDC-42A3-9474-1A3956D46DE8}") = "IteratorPattern", "IteratorPattern", "{26404BAC-7673-4CA9-A50D-4CC91525FB2D}"
EndProject
Project("{FAE04EC0-301F-11D3-BF4B-00C04F79EFBC}") = "IteratorPattern", "IteratorPattern\IteratorPattern.csproj", "{95D707CD-B274-42DE-AB88-78A2A051446F}"
EndProject
Project("{2150E333-8FDC-42A3-9474-1A3956D46DE8}") = "ObserverPattern", "ObserverPattern", "{E815C63F-8EC5-4280-BF6F-17E4F7DC8186}"
EndProject
Project("{FAE04EC0-301F-11D3-BF4B-00C04F79EFBC}") = "ObserverPattern", "ObserverPattern\ObserverPattern.csproj", "{B0751448-A7F4-46E3-85B0-E1895C302950}"
EndProject
Project("{2150E333-8FDC-42A3-9474-1A3956D46DE8}") = "TemplatePattern", "TemplatePattern", "{60ECC29F-A528-41DF-B155-7FD9A278F829}"
EndProject
Project("{2150E333-8FDC-42A3-9474-1A3956D46DE8}") = "MementoPattern", "MementoPattern", "{338DE830-93B9-4F50-836B-2D48AA57642B}"
EndProject
Project("{FAE04EC0-301F-11D3-BF4B-00C04F79EFBC}") = "MomentoPatternDemo2", "MomentoPatternDemo2\MomentoPatternDemo2.csproj", "{AB3678EE-191D-4CA6-9BF6-7ECE7AF95B45}"
EndProject
Project("{2150E333-8FDC-42A3-9474-1A3956D46DE8}") = "NonGoFPatterns", "NonGoFPatterns", "{0C96C356-9A53-412C-873A-A897792CE390}"
EndProject
Project("{2150E333-8FDC-42A3-9474-1A3956D46DE8}") = "NullObject", "NullObject", "{7AC4B33E-62D4-4BA9-9D6C-5B5868AD0177}"
EndProject
Project("{FAE04EC0-301F-11D3-BF4B-00C04F79EFBC}") = "NullObjectDemo2", "NullObjectDemo2\NullObjectDemo2.csproj", "{CABA2E22-7138-43ED-826F-CB2CE3F920B7}"
EndProject
Global
	GlobalSection(SolutionConfigurationPlatforms) = preSolution
		Debug|Any CPU = Debug|Any CPU
		Release|Any CPU = Release|Any CPU
	EndGlobalSection
	GlobalSection(ProjectConfigurationPlatforms) = postSolution
		{747244FA-AF37-4CD3-9CC2-14C8557DC60A}.Debug|Any CPU.ActiveCfg = Debug|Any CPU
		{747244FA-AF37-4CD3-9CC2-14C8557DC60A}.Debug|Any CPU.Build.0 = Debug|Any CPU
		{747244FA-AF37-4CD3-9CC2-14C8557DC60A}.Release|Any CPU.ActiveCfg = Release|Any CPU
		{747244FA-AF37-4CD3-9CC2-14C8557DC60A}.Release|Any CPU.Build.0 = Release|Any CPU
		{A0680C79-9433-4AA5-861C-7E202F1D224E}.Debug|Any CPU.ActiveCfg = Debug|Any CPU
		{A0680C79-9433-4AA5-861C-7E202F1D224E}.Debug|Any CPU.Build.0 = Debug|Any CPU
		{A0680C79-9433-4AA5-861C-7E202F1D224E}.Release|Any CPU.ActiveCfg = Release|Any CPU
		{A0680C79-9433-4AA5-861C-7E202F1D224E}.Release|Any CPU.Build.0 = Release|Any CPU
		{767296E6-4BE8-4211-9782-BEBD078C71A1}.Debug|Any CPU.ActiveCfg = Debug|Any CPU
		{767296E6-4BE8-4211-9782-BEBD078C71A1}.Debug|Any CPU.Build.0 = Debug|Any CPU
		{767296E6-4BE8-4211-9782-BEBD078C71A1}.Release|Any CPU.ActiveCfg = Release|Any CPU
		{767296E6-4BE8-4211-9782-BEBD078C71A1}.Release|Any CPU.Build.0 = Release|Any CPU
		{1EE6C24E-8B4F-4AFD-A60B-3FB51558626A}.Debug|Any CPU.ActiveCfg = Debug|Any CPU
		{1EE6C24E-8B4F-4AFD-A60B-3FB51558626A}.Debug|Any CPU.Build.0 = Debug|Any CPU
		{1EE6C24E-8B4F-4AFD-A60B-3FB51558626A}.Release|Any CPU.ActiveCfg = Release|Any CPU
		{1EE6C24E-8B4F-4AFD-A60B-3FB51558626A}.Release|Any CPU.Build.0 = Release|Any CPU
		{2A2C22B8-AC89-4D7E-A6C5-05DA6A7A34DA}.Debug|Any CPU.ActiveCfg = Debug|Any CPU
		{2A2C22B8-AC89-4D7E-A6C5-05DA6A7A34DA}.Debug|Any CPU.Build.0 = Debug|Any CPU
		{2A2C22B8-AC89-4D7E-A6C5-05DA6A7A34DA}.Release|Any CPU.ActiveCfg = Release|Any CPU
		{2A2C22B8-AC89-4D7E-A6C5-05DA6A7A34DA}.Release|Any CPU.Build.0 = Release|Any CPU
		{41D8AA1D-EAD3-4998-8BE0-04872DD3FF1D}.Debug|Any CPU.ActiveCfg = Debug|Any CPU
		{41D8AA1D-EAD3-4998-8BE0-04872DD3FF1D}.Debug|Any CPU.Build.0 = Debug|Any CPU
		{41D8AA1D-EAD3-4998-8BE0-04872DD3FF1D}.Release|Any CPU.ActiveCfg = Release|Any CPU
		{41D8AA1D-EAD3-4998-8BE0-04872DD3FF1D}.Release|Any CPU.Build.0 = Release|Any CPU
		{F05DC4D7-8925-425B-8D78-0705827D1568}.Debug|Any CPU.ActiveCfg = Debug|Any CPU
		{F05DC4D7-8925-425B-8D78-0705827D1568}.Debug|Any CPU.Build.0 = Debug|Any CPU
		{F05DC4D7-8925-425B-8D78-0705827D1568}.Release|Any CPU.ActiveCfg = Release|Any CPU
		{F05DC4D7-8925-425B-8D78-0705827D1568}.Release|Any CPU.Build.0 = Release|Any CPU
		{2E92A6BE-C516-4821-B2B0-A37D326E45A8}.Debug|Any CPU.ActiveCfg = Debug|Any CPU
		{2E92A6BE-C516-4821-B2B0-A37D326E45A8}.Debug|Any CPU.Build.0 = Debug|Any CPU
		{2E92A6BE-C516-4821-B2B0-A37D326E45A8}.Release|Any CPU.ActiveCfg = Release|Any CPU
		{2E92A6BE-C516-4821-B2B0-A37D326E45A8}.Release|Any CPU.Build.0 = Release|Any CPU
		{42B79BFF-CFDD-4B32-BE27-905CEBB83529}.Debug|Any CPU.ActiveCfg = Debug|Any CPU
		{42B79BFF-CFDD-4B32-BE27-905CEBB83529}.Debug|Any CPU.Build.0 = Debug|Any CPU
		{42B79BFF-CFDD-4B32-BE27-905CEBB83529}.Release|Any CPU.ActiveCfg = Release|Any CPU
		{42B79BFF-CFDD-4B32-BE27-905CEBB83529}.Release|Any CPU.Build.0 = Release|Any CPU
		{4E559234-5311-4CDD-95C7-BF5F00372BF7}.Debug|Any CPU.ActiveCfg = Debug|Any CPU
		{4E559234-5311-4CDD-95C7-BF5F00372BF7}.Debug|Any CPU.Build.0 = Debug|Any CPU
		{4E559234-5311-4CDD-95C7-BF5F00372BF7}.Release|Any CPU.ActiveCfg = Release|Any CPU
		{4E559234-5311-4CDD-95C7-BF5F00372BF7}.Release|Any CPU.Build.0 = Release|Any CPU
		{ADC216C7-3F8C-4E91-AF3C-061ADCB5BDDE}.Debug|Any CPU.ActiveCfg = Debug|Any CPU
		{ADC216C7-3F8C-4E91-AF3C-061ADCB5BDDE}.Debug|Any CPU.Build.0 = Debug|Any CPU
		{ADC216C7-3F8C-4E91-AF3C-061ADCB5BDDE}.Release|Any CPU.ActiveCfg = Release|Any CPU
		{ADC216C7-3F8C-4E91-AF3C-061ADCB5BDDE}.Release|Any CPU.Build.0 = Release|Any CPU
		{4E99E56D-9225-4E97-9B5B-000ECA74F1FB}.Debug|Any CPU.ActiveCfg = Debug|Any CPU
		{4E99E56D-9225-4E97-9B5B-000ECA74F1FB}.Debug|Any CPU.Build.0 = Debug|Any CPU
		{4E99E56D-9225-4E97-9B5B-000ECA74F1FB}.Release|Any CPU.ActiveCfg = Release|Any CPU
		{4E99E56D-9225-4E97-9B5B-000ECA74F1FB}.Release|Any CPU.Build.0 = Release|Any CPU
		{D3222A8C-9BF4-4D8F-8633-C2E645560D16}.Debug|Any CPU.ActiveCfg = Debug|Any CPU
		{D3222A8C-9BF4-4D8F-8633-C2E645560D16}.Debug|Any CPU.Build.0 = Debug|Any CPU
		{D3222A8C-9BF4-4D8F-8633-C2E645560D16}.Release|Any CPU.ActiveCfg = Release|Any CPU
		{D3222A8C-9BF4-4D8F-8633-C2E645560D16}.Release|Any CPU.Build.0 = Release|Any CPU
		{399E4CCE-8802-4828-8C6A-35978D9B647F}.Debug|Any CPU.ActiveCfg = Debug|Any CPU
		{399E4CCE-8802-4828-8C6A-35978D9B647F}.Debug|Any CPU.Build.0 = Debug|Any CPU
		{399E4CCE-8802-4828-8C6A-35978D9B647F}.Release|Any CPU.ActiveCfg = Release|Any CPU
		{399E4CCE-8802-4828-8C6A-35978D9B647F}.Release|Any CPU.Build.0 = Release|Any CPU
		{A09913CE-30D4-420D-A349-4F6DC5A062AB}.Debug|Any CPU.ActiveCfg = Debug|Any CPU
		{A09913CE-30D4-420D-A349-4F6DC5A062AB}.Debug|Any CPU.Build.0 = Debug|Any CPU
		{A09913CE-30D4-420D-A349-4F6DC5A062AB}.Release|Any CPU.ActiveCfg = Release|Any CPU
		{A09913CE-30D4-420D-A349-4F6DC5A062AB}.Release|Any CPU.Build.0 = Release|Any CPU
		{2C9C33E0-2BF5-49AC-90E0-DA141CE3EC58}.Debug|Any CPU.ActiveCfg = Debug|Any CPU
		{2C9C33E0-2BF5-49AC-90E0-DA141CE3EC58}.Debug|Any CPU.Build.0 = Debug|Any CPU
		{2C9C33E0-2BF5-49AC-90E0-DA141CE3EC58}.Release|Any CPU.ActiveCfg = Release|Any CPU
		{2C9C33E0-2BF5-49AC-90E0-DA141CE3EC58}.Release|Any CPU.Build.0 = Release|Any CPU
		{08162B14-ED6C-4B0D-A3D9-7C1D6A1904B4}.Debug|Any CPU.ActiveCfg = Debug|Any CPU
		{08162B14-ED6C-4B0D-A3D9-7C1D6A1904B4}.Debug|Any CPU.Build.0 = Debug|Any CPU
		{08162B14-ED6C-4B0D-A3D9-7C1D6A1904B4}.Release|Any CPU.ActiveCfg = Release|Any CPU
		{08162B14-ED6C-4B0D-A3D9-7C1D6A1904B4}.Release|Any CPU.Build.0 = Release|Any CPU
		{C3D9C7C2-E11A-4ADB-A8D4-BED5C42B02A2}.Debug|Any CPU.ActiveCfg = Debug|Any CPU
		{C3D9C7C2-E11A-4ADB-A8D4-BED5C42B02A2}.Debug|Any CPU.Build.0 = Debug|Any CPU
		{C3D9C7C2-E11A-4ADB-A8D4-BED5C42B02A2}.Release|Any CPU.ActiveCfg = Release|Any CPU
		{C3D9C7C2-E11A-4ADB-A8D4-BED5C42B02A2}.Release|Any CPU.Build.0 = Release|Any CPU
		{9011CB29-6E0D-4A92-9B70-9673302B71F9}.Debug|Any CPU.ActiveCfg = Debug|Any CPU
		{9011CB29-6E0D-4A92-9B70-9673302B71F9}.Debug|Any CPU.Build.0 = Debug|Any CPU
		{9011CB29-6E0D-4A92-9B70-9673302B71F9}.Release|Any CPU.ActiveCfg = Release|Any CPU
		{9011CB29-6E0D-4A92-9B70-9673302B71F9}.Release|Any CPU.Build.0 = Release|Any CPU
		{95D707CD-B274-42DE-AB88-78A2A051446F}.Debug|Any CPU.ActiveCfg = Debug|Any CPU
		{95D707CD-B274-42DE-AB88-78A2A051446F}.Debug|Any CPU.Build.0 = Debug|Any CPU
		{95D707CD-B274-42DE-AB88-78A2A051446F}.Release|Any CPU.ActiveCfg = Release|Any CPU
		{95D707CD-B274-42DE-AB88-78A2A051446F}.Release|Any CPU.Build.0 = Release|Any CPU
		{B0751448-A7F4-46E3-85B0-E1895C302950}.Debug|Any CPU.ActiveCfg = Debug|Any CPU
		{B0751448-A7F4-46E3-85B0-E1895C302950}.Debug|Any CPU.Build.0 = Debug|Any CPU
		{B0751448-A7F4-46E3-85B0-E1895C302950}.Release|Any CPU.ActiveCfg = Release|Any CPU
		{B0751448-A7F4-46E3-85B0-E1895C302950}.Release|Any CPU.Build.0 = Release|Any CPU
		{AB3678EE-191D-4CA6-9BF6-7ECE7AF95B45}.Debug|Any CPU.ActiveCfg = Debug|Any CPU
		{AB3678EE-191D-4CA6-9BF6-7ECE7AF95B45}.Debug|Any CPU.Build.0 = Debug|Any CPU
		{AB3678EE-191D-4CA6-9BF6-7ECE7AF95B45}.Release|Any CPU.ActiveCfg = Release|Any CPU
		{AB3678EE-191D-4CA6-9BF6-7ECE7AF95B45}.Release|Any CPU.Build.0 = Release|Any CPU
		{CABA2E22-7138-43ED-826F-CB2CE3F920B7}.Debug|Any CPU.ActiveCfg = Debug|Any CPU
		{CABA2E22-7138-43ED-826F-CB2CE3F920B7}.Debug|Any CPU.Build.0 = Debug|Any CPU
		{CABA2E22-7138-43ED-826F-CB2CE3F920B7}.Release|Any CPU.ActiveCfg = Release|Any CPU
		{CABA2E22-7138-43ED-826F-CB2CE3F920B7}.Release|Any CPU.Build.0 = Release|Any CPU
	EndGlobalSection
	GlobalSection(SolutionProperties) = preSolution
		HideSolutionNode = FALSE
	EndGlobalSection
	GlobalSection(NestedProjects) = preSolution
		{0F4B5E25-4825-497B-8ED0-485D92C7F3DC} = {5F4C2769-BF90-44D5-A943-B01842C944B7}
		{0C3E9D7A-042F-474C-A951-04BA0CCEBA60} = {5F4C2769-BF90-44D5-A943-B01842C944B7}
		{CA4274D1-051D-48AD-8419-3DE45D9BF608} = {5F4C2769-BF90-44D5-A943-B01842C944B7}
		{747244FA-AF37-4CD3-9CC2-14C8557DC60A} = {0F4B5E25-4825-497B-8ED0-485D92C7F3DC}
		{A0680C79-9433-4AA5-861C-7E202F1D224E} = {0F4B5E25-4825-497B-8ED0-485D92C7F3DC}
		{767296E6-4BE8-4211-9782-BEBD078C71A1} = {CA4274D1-051D-48AD-8419-3DE45D9BF608}
		{1EE6C24E-8B4F-4AFD-A60B-3FB51558626A} = {0C3E9D7A-042F-474C-A951-04BA0CCEBA60}
		{1430D52F-C9E9-41BD-B39A-65EBEF350690} = {5F4C2769-BF90-44D5-A943-B01842C944B7}
		{2A2C22B8-AC89-4D7E-A6C5-05DA6A7A34DA} = {1430D52F-C9E9-41BD-B39A-65EBEF350690}
		{41D8AA1D-EAD3-4998-8BE0-04872DD3FF1D} = {1430D52F-C9E9-41BD-B39A-65EBEF350690}
		{E1FED5A8-5959-47B4-A98E-D952F50B965A} = {5F4C2769-BF90-44D5-A943-B01842C944B7}
		{F05DC4D7-8925-425B-8D78-0705827D1568} = {E1FED5A8-5959-47B4-A98E-D952F50B965A}
		{8429AE20-3EBB-4BF5-A60A-7A421E024DAE} = {5F4C2769-BF90-44D5-A943-B01842C944B7}
		{2E92A6BE-C516-4821-B2B0-A37D326E45A8} = {8429AE20-3EBB-4BF5-A60A-7A421E024DAE}
		{42B79BFF-CFDD-4B32-BE27-905CEBB83529} = {8429AE20-3EBB-4BF5-A60A-7A421E024DAE}
		{4E559234-5311-4CDD-95C7-BF5F00372BF7} = {376A099E-E12B-4833-BB39-4FD4DB8A7D5B}
		{376A099E-E12B-4833-BB39-4FD4DB8A7D5B} = {D1A47C4A-0062-4EC7-A105-3C3BC58AD82E}
		{F01C7D2F-9ED1-497B-AB9E-8A9717885285} = {D1A47C4A-0062-4EC7-A105-3C3BC58AD82E}
		{ADC216C7-3F8C-4E91-AF3C-061ADCB5BDDE} = {F01C7D2F-9ED1-497B-AB9E-8A9717885285}
		{3234E41D-03A5-4DEB-BAA4-59A44B7DF63C} = {D1A47C4A-0062-4EC7-A105-3C3BC58AD82E}
		{4E99E56D-9225-4E97-9B5B-000ECA74F1FB} = {3234E41D-03A5-4DEB-BAA4-59A44B7DF63C}
		{BE84B32C-D42A-4539-935D-8ACDD68AE793} = {D1A47C4A-0062-4EC7-A105-3C3BC58AD82E}
		{D3222A8C-9BF4-4D8F-8633-C2E645560D16} = {BE84B32C-D42A-4539-935D-8ACDD68AE793}
		{D5FF4EEB-ECBA-4255-B36E-4315BC75E4B3} = {D1A47C4A-0062-4EC7-A105-3C3BC58AD82E}
		{399E4CCE-8802-4828-8C6A-35978D9B647F} = {D5FF4EEB-ECBA-4255-B36E-4315BC75E4B3}
		{2671797F-8660-44E5-8C6C-61B9C4E36303} = {D1A47C4A-0062-4EC7-A105-3C3BC58AD82E}
		{CFA7B80E-8D95-4B69-9F9B-9C652373BE71} = {D1A47C4A-0062-4EC7-A105-3C3BC58AD82E}
		{A09913CE-30D4-420D-A349-4F6DC5A062AB} = {CFA7B80E-8D95-4B69-9F9B-9C652373BE71}
		{2C9C33E0-2BF5-49AC-90E0-DA141CE3EC58} = {CFA7B80E-8D95-4B69-9F9B-9C652373BE71}
		{08162B14-ED6C-4B0D-A3D9-7C1D6A1904B4} = {9567FB89-7878-4E72-93E3-2D01D9110A53}
		{9567FB89-7878-4E72-93E3-2D01D9110A53} = {0A1D6AC8-5E75-460F-9519-0B8B7F255754}
		{196B219B-6B22-4B44-99EF-F674A518B3F4} = {0A1D6AC8-5E75-460F-9519-0B8B7F255754}
		{C3D9C7C2-E11A-4ADB-A8D4-BED5C42B02A2} = {196B219B-6B22-4B44-99EF-F674A518B3F4}
		{2FC726E4-E7C9-4F08-BC51-E5F1C31F70BC} = {0A1D6AC8-5E75-460F-9519-0B8B7F255754}
		{9011CB29-6E0D-4A92-9B70-9673302B71F9} = {2FC726E4-E7C9-4F08-BC51-E5F1C31F70BC}
		{26404BAC-7673-4CA9-A50D-4CC91525FB2D} = {0A1D6AC8-5E75-460F-9519-0B8B7F255754}
		{95D707CD-B274-42DE-AB88-78A2A051446F} = {26404BAC-7673-4CA9-A50D-4CC91525FB2D}
		{E815C63F-8EC5-4280-BF6F-17E4F7DC8186} = {0A1D6AC8-5E75-460F-9519-0B8B7F255754}
		{B0751448-A7F4-46E3-85B0-E1895C302950} = {E815C63F-8EC5-4280-BF6F-17E4F7DC8186}
		{60ECC29F-A528-41DF-B155-7FD9A278F829} = {0A1D6AC8-5E75-460F-9519-0B8B7F255754}
		{338DE830-93B9-4F50-836B-2D48AA57642B} = {0A1D6AC8-5E75-460F-9519-0B8B7F255754}
		{AB3678EE-191D-4CA6-9BF6-7ECE7AF95B45} = {338DE830-93B9-4F50-836B-2D48AA57642B}
		{7AC4B33E-62D4-4BA9-9D6C-5B5868AD0177} = {0C96C356-9A53-412C-873A-A897792CE390}
		{CABA2E22-7138-43ED-826F-CB2CE3F920B7} = {7AC4B33E-62D4-4BA9-9D6C-5B5868AD0177}
	EndGlobalSection
EndGlobal
